
Microsoft Visual Studio Solution File, Format Version 12.00
# Visual Studio Version 17
VisualStudioVersion = 17.8.34330.188
MinimumVisualStudioVersion = 10.0.40219.1
Project("{FAE04EC0-301F-11D3-BF4B-00C04F79EFBC}") = "blm_web_app", "blm_web_app\blm_web_app.csproj", "{048B1CFD-203E-4976-9B52-BA8F7E47121A}"
EndProject
Global
	GlobalSection(SolutionConfigurationPlatforms) = preSolution
		Debug|Any CPU = Debug|Any CPU
		Release|Any CPU = Release|Any CPU
	EndGlobalSection
	GlobalSection(ProjectConfigurationPlatforms) = postSolution
		{048B1CFD-203E-4976-9B52-BA8F7E47121A}.Debug|Any CPU.ActiveCfg = Debug|Any CPU
		{048B1CFD-203E-4976-9B52-BA8F7E47121A}.Debug|Any CPU.Build.0 = Debug|Any CPU
		{048B1CFD-203E-4976-9B52-BA8F7E47121A}.Release|Any CPU.ActiveCfg = Release|Any CPU
		{048B1CFD-203E-4976-9B52-BA8F7E47121A}.Release|Any CPU.Build.0 = Release|Any CPU
	EndGlobalSection
	GlobalSection(SolutionProperties) = preSolution
		HideSolutionNode = FALSE
	EndGlobalSection
	GlobalSection(ExtensibilityGlobals) = postSolution
		SolutionGuid = {E963344A-5814-4FC0-930A-A9600B0EC0DC}
	EndGlobalSection
EndGlobal
